
Microsoft Visual Studio Solution File, Format Version 12.00
# Visual Studio Version 17
VisualStudioVersion = 17.6.33829.357
MinimumVisualStudioVersion = 10.0.40219.1
Project("{9A19103F-16F7-4668-BE54-9A1E7A4F7556}") = "GateAway_API", "GateAway_API\GateAway_API.csproj", "{672C1223-9EB1-40AF-A08E-AAC56C41195C}"
EndProject
Project("{2150E333-8FDC-42A3-9474-1A3956D46DE8}") = "src", "src", "{5B8661CF-D47F-42F2-B478-F66FC52FBEC7}"
EndProject
Project("{2150E333-8FDC-42A3-9474-1A3956D46DE8}") = "ApiGateAway", "ApiGateAway", "{ADA0EF71-0884-4C97-8689-E7F37736DC32}"
EndProject
Project("{2150E333-8FDC-42A3-9474-1A3956D46DE8}") = "StudentService", "StudentService", "{555950D3-817D-473C-A305-EC2F0B6ADA45}"
EndProject
Project("{9A19103F-16F7-4668-BE54-9A1E7A4F7556}") = "Student.Api", "Student.Api\Student.Api.csproj", "{90D8F64B-F2E6-4895-9E19-65A2B72F3A70}"
EndProject
Project("{2150E333-8FDC-42A3-9474-1A3956D46DE8}") = "TeacherService", "TeacherService", "{3DF7FF7A-776B-442F-8E78-36462B8CDE81}"
EndProject
Project("{9A19103F-16F7-4668-BE54-9A1E7A4F7556}") = "Teacher.Api", "Teacher.API\Teacher.Api.csproj", "{155586BD-7A17-4969-83A1-D2075A58DE7D}"
EndProject
Project("{2150E333-8FDC-42A3-9474-1A3956D46DE8}") = "DirectorService", "DirectorService", "{FDC77441-8887-484B-A462-6EF23483716D}"
EndProject
Project("{9A19103F-16F7-4668-BE54-9A1E7A4F7556}") = "Director.Api", "Director.Api\Director.Api.csproj", "{611654A5-4089-4C67-8485-B2C720BB74B7}"
EndProject
Project("{FAE04EC0-301F-11D3-BF4B-00C04F79EFBC}") = "DirectorApi.DataAccess", "DirectorApi.DataAccess\DirectorApi.DataAccess.csproj", "{E7925DF7-B913-4800-A22B-30A9F32911B2}"
EndProject
Project("{FAE04EC0-301F-11D3-BF4B-00C04F79EFBC}") = "DirectorApi.Domain", "DirectorApi.Domain\DirectorApi.Domain.csproj", "{72782AD3-C210-4EA8-A4D4-140C5FCBCF42}"
EndProject
Project("{FAE04EC0-301F-11D3-BF4B-00C04F79EFBC}") = "DirectorApi.Service", "DirectorApi.Service\DirectorApi.Service.csproj", "{0BF8DD0F-A653-4351-983A-ADB3B297EBB4}"
EndProject
Project("{FAE04EC0-301F-11D3-BF4B-00C04F79EFBC}") = "StudentApi.DataAccess", "StudentApi.DataAccess\StudentApi.DataAccess.csproj", "{D5403187-A331-41F9-95C3-4A29478964F2}"
EndProject
Project("{FAE04EC0-301F-11D3-BF4B-00C04F79EFBC}") = "StudentApi.Domain", "StudentApi.Domain\StudentApi.Domain.csproj", "{AB430742-CDB2-4489-A6EF-36038B76912C}"
EndProject
Project("{FAE04EC0-301F-11D3-BF4B-00C04F79EFBC}") = "StudentApi.Service", "StudentApi.Service\StudentApi.Service.csproj", "{F39D9F6C-12FB-413A-96DE-758EB7022520}"
EndProject
Project("{FAE04EC0-301F-11D3-BF4B-00C04F79EFBC}") = "TeacherApi.DataAccess", "TeacherApi.DataAccess\TeacherApi.DataAccess.csproj", "{8DA628A1-0D1F-4F83-BFC8-8EC4546F0493}"
EndProject
Project("{FAE04EC0-301F-11D3-BF4B-00C04F79EFBC}") = "TeacherApi.Domain", "TeacherApi.Domain\TeacherApi.Domain.csproj", "{0FD7170E-E269-44F0-AD46-B82BA06AA2D5}"
EndProject
Project("{FAE04EC0-301F-11D3-BF4B-00C04F79EFBC}") = "TeacherApi.Service", "TeacherApi.Service\TeacherApi.Service.csproj", "{9F78AF79-B382-419B-BB2F-86630562F149}"
EndProject
Global
	GlobalSection(SolutionConfigurationPlatforms) = preSolution
		Debug|Any CPU = Debug|Any CPU
		Release|Any CPU = Release|Any CPU
	EndGlobalSection
	GlobalSection(ProjectConfigurationPlatforms) = postSolution
		{672C1223-9EB1-40AF-A08E-AAC56C41195C}.Debug|Any CPU.ActiveCfg = Debug|Any CPU
		{672C1223-9EB1-40AF-A08E-AAC56C41195C}.Debug|Any CPU.Build.0 = Debug|Any CPU
		{672C1223-9EB1-40AF-A08E-AAC56C41195C}.Release|Any CPU.ActiveCfg = Release|Any CPU
		{672C1223-9EB1-40AF-A08E-AAC56C41195C}.Release|Any CPU.Build.0 = Release|Any CPU
		{90D8F64B-F2E6-4895-9E19-65A2B72F3A70}.Debug|Any CPU.ActiveCfg = Debug|Any CPU
		{90D8F64B-F2E6-4895-9E19-65A2B72F3A70}.Debug|Any CPU.Build.0 = Debug|Any CPU
		{90D8F64B-F2E6-4895-9E19-65A2B72F3A70}.Release|Any CPU.ActiveCfg = Release|Any CPU
		{90D8F64B-F2E6-4895-9E19-65A2B72F3A70}.Release|Any CPU.Build.0 = Release|Any CPU
		{155586BD-7A17-4969-83A1-D2075A58DE7D}.Debug|Any CPU.ActiveCfg = Debug|Any CPU
		{155586BD-7A17-4969-83A1-D2075A58DE7D}.Debug|Any CPU.Build.0 = Debug|Any CPU
		{155586BD-7A17-4969-83A1-D2075A58DE7D}.Release|Any CPU.ActiveCfg = Release|Any CPU
		{155586BD-7A17-4969-83A1-D2075A58DE7D}.Release|Any CPU.Build.0 = Release|Any CPU
		{611654A5-4089-4C67-8485-B2C720BB74B7}.Debug|Any CPU.ActiveCfg = Debug|Any CPU
		{611654A5-4089-4C67-8485-B2C720BB74B7}.Debug|Any CPU.Build.0 = Debug|Any CPU
		{611654A5-4089-4C67-8485-B2C720BB74B7}.Release|Any CPU.ActiveCfg = Release|Any CPU
		{611654A5-4089-4C67-8485-B2C720BB74B7}.Release|Any CPU.Build.0 = Release|Any CPU
		{E7925DF7-B913-4800-A22B-30A9F32911B2}.Debug|Any CPU.ActiveCfg = Debug|Any CPU
		{E7925DF7-B913-4800-A22B-30A9F32911B2}.Debug|Any CPU.Build.0 = Debug|Any CPU
		{E7925DF7-B913-4800-A22B-30A9F32911B2}.Release|Any CPU.ActiveCfg = Release|Any CPU
		{E7925DF7-B913-4800-A22B-30A9F32911B2}.Release|Any CPU.Build.0 = Release|Any CPU
		{72782AD3-C210-4EA8-A4D4-140C5FCBCF42}.Debug|Any CPU.ActiveCfg = Debug|Any CPU
		{72782AD3-C210-4EA8-A4D4-140C5FCBCF42}.Debug|Any CPU.Build.0 = Debug|Any CPU
		{72782AD3-C210-4EA8-A4D4-140C5FCBCF42}.Release|Any CPU.ActiveCfg = Release|Any CPU
		{72782AD3-C210-4EA8-A4D4-140C5FCBCF42}.Release|Any CPU.Build.0 = Release|Any CPU
		{0BF8DD0F-A653-4351-983A-ADB3B297EBB4}.Debug|Any CPU.ActiveCfg = Debug|Any CPU
		{0BF8DD0F-A653-4351-983A-ADB3B297EBB4}.Debug|Any CPU.Build.0 = Debug|Any CPU
		{0BF8DD0F-A653-4351-983A-ADB3B297EBB4}.Release|Any CPU.ActiveCfg = Release|Any CPU
		{0BF8DD0F-A653-4351-983A-ADB3B297EBB4}.Release|Any CPU.Build.0 = Release|Any CPU
		{D5403187-A331-41F9-95C3-4A29478964F2}.Debug|Any CPU.ActiveCfg = Debug|Any CPU
		{D5403187-A331-41F9-95C3-4A29478964F2}.Debug|Any CPU.Build.0 = Debug|Any CPU
		{D5403187-A331-41F9-95C3-4A29478964F2}.Release|Any CPU.ActiveCfg = Release|Any CPU
		{D5403187-A331-41F9-95C3-4A29478964F2}.Release|Any CPU.Build.0 = Release|Any CPU
		{AB430742-CDB2-4489-A6EF-36038B76912C}.Debug|Any CPU.ActiveCfg = Debug|Any CPU
		{AB430742-CDB2-4489-A6EF-36038B76912C}.Debug|Any CPU.Build.0 = Debug|Any CPU
		{AB430742-CDB2-4489-A6EF-36038B76912C}.Release|Any CPU.ActiveCfg = Release|Any CPU
		{AB430742-CDB2-4489-A6EF-36038B76912C}.Release|Any CPU.Build.0 = Release|Any CPU
		{F39D9F6C-12FB-413A-96DE-758EB7022520}.Debug|Any CPU.ActiveCfg = Debug|Any CPU
		{F39D9F6C-12FB-413A-96DE-758EB7022520}.Debug|Any CPU.Build.0 = Debug|Any CPU
		{F39D9F6C-12FB-413A-96DE-758EB7022520}.Release|Any CPU.ActiveCfg = Release|Any CPU
		{F39D9F6C-12FB-413A-96DE-758EB7022520}.Release|Any CPU.Build.0 = Release|Any CPU
		{8DA628A1-0D1F-4F83-BFC8-8EC4546F0493}.Debug|Any CPU.ActiveCfg = Debug|Any CPU
		{8DA628A1-0D1F-4F83-BFC8-8EC4546F0493}.Debug|Any CPU.Build.0 = Debug|Any CPU
		{8DA628A1-0D1F-4F83-BFC8-8EC4546F0493}.Release|Any CPU.ActiveCfg = Release|Any CPU
		{8DA628A1-0D1F-4F83-BFC8-8EC4546F0493}.Release|Any CPU.Build.0 = Release|Any CPU
		{0FD7170E-E269-44F0-AD46-B82BA06AA2D5}.Debug|Any CPU.ActiveCfg = Debug|Any CPU
		{0FD7170E-E269-44F0-AD46-B82BA06AA2D5}.Debug|Any CPU.Build.0 = Debug|Any CPU
		{0FD7170E-E269-44F0-AD46-B82BA06AA2D5}.Release|Any CPU.ActiveCfg = Release|Any CPU
		{0FD7170E-E269-44F0-AD46-B82BA06AA2D5}.Release|Any CPU.Build.0 = Release|Any CPU
		{9F78AF79-B382-419B-BB2F-86630562F149}.Debug|Any CPU.ActiveCfg = Debug|Any CPU
		{9F78AF79-B382-419B-BB2F-86630562F149}.Debug|Any CPU.Build.0 = Debug|Any CPU
		{9F78AF79-B382-419B-BB2F-86630562F149}.Release|Any CPU.ActiveCfg = Release|Any CPU
		{9F78AF79-B382-419B-BB2F-86630562F149}.Release|Any CPU.Build.0 = Release|Any CPU
	EndGlobalSection
	GlobalSection(SolutionProperties) = preSolution
		HideSolutionNode = FALSE
	EndGlobalSection
	GlobalSection(NestedProjects) = preSolution
		{672C1223-9EB1-40AF-A08E-AAC56C41195C} = {ADA0EF71-0884-4C97-8689-E7F37736DC32}
		{ADA0EF71-0884-4C97-8689-E7F37736DC32} = {5B8661CF-D47F-42F2-B478-F66FC52FBEC7}
		{555950D3-817D-473C-A305-EC2F0B6ADA45} = {5B8661CF-D47F-42F2-B478-F66FC52FBEC7}
		{90D8F64B-F2E6-4895-9E19-65A2B72F3A70} = {555950D3-817D-473C-A305-EC2F0B6ADA45}
		{3DF7FF7A-776B-442F-8E78-36462B8CDE81} = {5B8661CF-D47F-42F2-B478-F66FC52FBEC7}
		{155586BD-7A17-4969-83A1-D2075A58DE7D} = {3DF7FF7A-776B-442F-8E78-36462B8CDE81}
		{FDC77441-8887-484B-A462-6EF23483716D} = {5B8661CF-D47F-42F2-B478-F66FC52FBEC7}
		{611654A5-4089-4C67-8485-B2C720BB74B7} = {FDC77441-8887-484B-A462-6EF23483716D}
		{E7925DF7-B913-4800-A22B-30A9F32911B2} = {FDC77441-8887-484B-A462-6EF23483716D}
		{72782AD3-C210-4EA8-A4D4-140C5FCBCF42} = {FDC77441-8887-484B-A462-6EF23483716D}
		{0BF8DD0F-A653-4351-983A-ADB3B297EBB4} = {FDC77441-8887-484B-A462-6EF23483716D}
		{D5403187-A331-41F9-95C3-4A29478964F2} = {555950D3-817D-473C-A305-EC2F0B6ADA45}
		{AB430742-CDB2-4489-A6EF-36038B76912C} = {555950D3-817D-473C-A305-EC2F0B6ADA45}
		{F39D9F6C-12FB-413A-96DE-758EB7022520} = {555950D3-817D-473C-A305-EC2F0B6ADA45}
		{8DA628A1-0D1F-4F83-BFC8-8EC4546F0493} = {3DF7FF7A-776B-442F-8E78-36462B8CDE81}
		{0FD7170E-E269-44F0-AD46-B82BA06AA2D5} = {3DF7FF7A-776B-442F-8E78-36462B8CDE81}
		{9F78AF79-B382-419B-BB2F-86630562F149} = {3DF7FF7A-776B-442F-8E78-36462B8CDE81}
	EndGlobalSection
	GlobalSection(ExtensibilityGlobals) = postSolution
		SolutionGuid = {B993E999-9E19-4DEA-A693-4E47547B6EBE}
	EndGlobalSection
EndGlobal
